version = 1
revision = 3
requires-python = "==3.12.*"

[[package]]
name = "candle-einops-parity"
version = "0.1.0"
source = { virtual = "." }
dependencies = [
    { name = "einops" },
    { name = "hypothesis" },
    { name = "numpy" },
]

[package.metadata]
requires-dist = [
    { name = "einops", specifier = "==0.8.2" },
    { name = "hypothesis", specifier = "==6.156.6" },
    { name = "numpy", specifier = "==2.5.1" },
]

[[package]]
name = "einops"
version = "0.8.2"
source = { registry = "https://pypi.org/simple" }
sdist = { url = "https://files.pythonhosted.org/packages/2c/77/850bef8d72ffb9219f0b1aac23fbc1bf7d038ee6ea666f331fa273031aa2/einops-0.8.2.tar.gz", hash = "sha256:609da665570e5e265e27283aab09e7f279ade90c4f01bcfca111f3d3e13f2827", size = 56261, upload-time = "2026-01-26T04:13:17.638Z" }
wheels = [
    { url = "https://files.pythonhosted.org/packages/2a/09/f8d8f8f31e4483c10a906437b4ce31bdf3d6d417b73fe33f1a8b59e34228/einops-0.8.2-py3-none-any.whl", hash = "sha256:54058201ac7087911181bfec4af6091bb59380360f069276601256a76af08193", size = 65638, upload-time = "2026-01-26T04:13:18.546Z" },
]

[[package]]
name = "hypothesis"
version = "6.156.6"
source = { registry = "https://pypi.org/simple" }
dependencies = [
    { name = "sortedcontainers" },
]
sdist = { url = "https://files.pythonhosted.org/packages/20/83/8dbe89bdb8c6f25a7a52e7898af6d82fe35dfef08e5c702f6e33231ce6c6/hypothesis-6.156.6.tar.gz", hash = "sha256:96de02faefa3ce079873541da96f42595583bb001e8e4219294ed7d4501cc4cc", size = 476304, upload-time = "2026-07-10T20:56:49.96Z" }
wheels = [
    { url = "https://files.pythonhosted.org/packages/1a/dc/0c2a851f06c91d5ac9ef0f3b9615efc1ed650411d2eee23b6334f491c85e/hypothesis-6.156.6-cp310-abi3-macosx_10_12_x86_64.whl", hash = "sha256:caf6a93d011c10972da111c38ceb34ced20feaa8581e2b350c0655b022e27875", size = 747998, upload-time = "2026-07-10T20:56:16.311Z" },
    { url = "https://files.pythonhosted.org/packages/8e/f8/59203ca978ab51595d12d6bc7e7a63300d7373431ab42ca3f1742e45db68/hypothesis-6.156.6-cp310-abi3-macosx_11_0_arm64.whl", hash = "sha256:07f2bc9df1aeba80e12029c1618e2ee54abc440068c305d7075ffd6b85251843", size = 743073, upload-time = "2026-07-10T20:55:36.825Z" },
    { url = "https://files.pythonhosted.org/packages/68/d8/86a0023740434098d1b187a62bd5f99b198f098fb43e7fc58342283a8270/hypothesis-6.156.6-cp310-abi3-manylinux_2_17_aarch64.manylinux2014_aarch64.whl", hash = "sha256:7baca17f4803ad4aa151732326f3990baf54c3127df44aa872ac5bdf8a98a9a6", size = 1070169, upload-time = "2026-07-10T20:55:49.47Z" },
    { url = "https://files.pythonhosted.org/packages/9b/82/673453915fd0c67673f35a4876ba88f48c621335f293f3537d77b27d4286/hypothesis-6.156.6-cp310-abi3-manylinux_2_17_x86_64.manylinux2014_x86_64.whl", hash = "sha256:8083806645f84243aade727f4978185caaa0b7190af4318673999ee15fdbf424", size = 1121760, upload-time = "2026-07-10T20:55:53.502Z" },
    { url = "https://files.pythonhosted.org/packages/8a/c3/3a5557f52912f2fecc6ed59642dcf80dd8e89d0d9664502b68e23d66bf3d/hypothesis-6.156.6-cp310-abi3-manylinux_2_5_i686.manylinux1_i686.whl", hash = "sha256:a922eedcd8618f9c2e17b79fa7b3f3f0b2df34e201958611cc3f0f46cca33c10", size = 1111440, upload-time = "2026-07-10T20:55:43.054Z" },
    { url = "https://files.pythonhosted.org/packages/38/a6/ae636d4ca7f996a1ccb4b3d5997d949f1718fba52b01559b3ab53b237b3f/hypothesis-6.156.6-cp310-abi3-musllinux_1_2_aarch64.whl", hash = "sha256:5291bd33c4704d274d7c214d5c200e77f372a06644f5cbbe96dcbe53cb2fbf10", size = 1244944, upload-time = "2026-07-10T20:55:56.109Z" },
    { url = "https://files.pythonhosted.org/packages/1e/79/c425d22d734be0268ca60d120c6296299e4220a1783cb1a4cc76232807bb/hypothesis-6.156.6-cp310-abi3-musllinux_1_2_x86_64.whl", hash = "sha256:55f3ec50161b4a95bae63bff2b5166e45935b493013d3be30ede279bf6192318", size = 1288808, upload-time = "2026-07-10T20:56:06.249Z" },
    { url = "https://files.pythonhosted.org/packages/c5/3a/cc9f479d22cbdd36ddfc55a978378eddadd183b09339ebdb81be33bb18e7/hypothesis-6.156.6-cp310-abi3-win32.whl", hash = "sha256:e96570ca5cdd9a5f2ff9e80a6fb2fd5420ebf33b833d7de5b09b6ebb26a3eb6c", size = 634868, upload-time = "2026-07-10T20:55:37.959Z" },
    { url = "https://files.pythonhosted.org/packages/d6/89/2008d287289841a936456cb13443ca89d88da6e4527d611d482e9544164d/hypothesis-6.156.6-cp310-abi3-win_amd64.whl", hash = "sha256:32710718c22fe8c5571464e898bb87d282837b02617d6ad68130abf7cb4843cb", size = 640382, upload-time = "2026-07-10T20:55:30.634Z" },
    { url = "https://files.pythonhosted.org/packages/8c/45/9f009005b9c796f4a40424484ac7e70847bc088456fd940a937f96bb4b6d/hypothesis-6.156.6-cp312-cp312-macosx_10_12_x86_64.whl", hash = "sha256:a2a728b514fceb81e3f0464508911d5220fd74dadc3270f859427a686b60c4cf", size = 748844, upload-time = "2026-07-10T20:56:38.036Z" },
    { url = "https://files.pythonhosted.org/packages/02/2f/4d852bb8a9c73a68b18eca9b5b085285282122166e158f4d2a477639bfee/hypothesis-6.156.6-cp312-cp312-macosx_11_0_arm64.whl", hash = "sha256:7489b9a8f9df8227edd6c7cd8b9ccfab2483bab24da6a474c175973ca2294f58", size = 741936, upload-time = "2026-07-10T20:55:27.539Z" },
    { url = "https://files.pythonhosted.org/packages/74/89/b9968070ae042f9bf3149bb6ba6399d5f28f452e0fb7f638cafc69ff0b9a/hypothesis-6.156.6-cp312-cp312-manylinux_2_17_aarch64.manylinux2014_aarch64.whl", hash = "sha256:42760873d6db1069d6edbaa355a61b9078a9950259efcfc72fc695741d7db7cd", size = 1069749, upload-time = "2026-07-10T20:56:43.017Z" },
    { url = "https://files.pythonhosted.org/packages/00/a9/753806f5292b40aeab1d269e408e3a7e85be3c0d88828fb78ab4a34d6626/hypothesis-6.156.6-cp312-cp312-manylinux_2_17_x86_64.manylinux2014_x86_64.whl", hash = "sha256:b4e66aaa7385538a5d617174d47c198ee807f06de99e282a67c6cb724c69340d", size = 1120983, upload-time = "2026-07-10T20:56:25.424Z" },
    { url = "https://files.pythonhosted.org/packages/85/88/8386d064d680be27e936eba94f1448bc93ef6fa05473ee5034139f1c4284/hypothesis-6.156.6-cp312-cp312-musllinux_1_2_aarch64.whl", hash = "sha256:08796b674c0b31a5dd4119b2173823390055921588d13eb77324e861b00fd7f8", size = 1243911, upload-time = "2026-07-10T20:55:54.799Z" },
    { url = "https://files.pythonhosted.org/packages/c1/8c/7524c1e5279e7728eb47c99f2357cbc5f08ae92e9bce49bf50118b53f9c9/hypothesis-6.156.6-cp312-cp312-musllinux_1_2_x86_64.whl", hash = "sha256:4ca8cc26ea2d31d22cf7710e92951cfaa921f0f8aa1b6db33a5176335f583a4f", size = 1287806, upload-time = "2026-07-10T20:56:02.176Z" },
    { url = "https://files.pythonhosted.org/packages/5a/b3/c347ad913e1c5f2988956fe17826c0400b4ce470b973e6c248e97b6a0acf/hypothesis-6.156.6-cp312-cp312-win_amd64.whl", hash = "sha256:c3363d3fb8015594636689572510bb6090602d8e8e838a5693c2d52d3b5b09d8", size = 637679, upload-time = "2026-07-10T20:55:39.056Z" },
]

[[package]]
name = "numpy"
version = "2.5.1"
source = { registry = "https://pypi.org/simple" }
sdist = { url = "https://files.pythonhosted.org/packages/22/fd/89965aa4ac08c74998539fcbf24fa3540f3e15237fbeb6bcf9c908f4aade/numpy-2.5.1.tar.gz", hash = "sha256:a48a113e6afea91f5608793bafa7ef2ad481fefbda87ec5069f483de61cb9fa3", size = 20755553, upload-time = "2026-07-04T17:08:00.933Z" }
wheels = [
    { url = "https://files.pythonhosted.org/packages/62/7b/14687aa674250e5e546f616f486b0d56d3631cd5b2415739141ce40bdcea/numpy-2.5.1-cp312-cp312-macosx_10_13_x86_64.whl", hash = "sha256:2c889b56fe48b1018f764b0eec8df59ab654e9148aa91faa12596043500de277", size = 16801574, upload-time = "2026-07-04T17:06:12.423Z" },
    { url = "https://files.pythonhosted.org/packages/e1/19/cc5bb2a3f2913d27d6dbb2c78d25921fabaedc6741d4a5a615a11f3c5bf3/numpy-2.5.1-cp312-cp312-macosx_11_0_arm64.whl", hash = "sha256:ab451b59c5643c570974c43aef780703ef1d3b4965d2be07afd530615a9358d1", size = 11772250, upload-time = "2026-07-04T17:06:15.726Z" },
    { url = "https://files.pythonhosted.org/packages/42/77/fdf34a71dd30f54979b18603bee915e0aaf825b07afe79acd60b04b691e2/numpy-2.5.1-cp312-cp312-macosx_14_0_arm64.whl", hash = "sha256:78798bd5b9ad744056af8efa90e3b9ddaa53272a0848a483084a1cc0a13b2dc0", size = 5331516, upload-time = "2026-07-04T17:06:17.913Z" },
    { url = "https://files.pythonhosted.org/packages/ce/e2/eb7efa015b4cce41e2517bf182a7fce0d7d5b9d9ed76a29bfa0f4fe4505c/numpy-2.5.1-cp312-cp312-macosx_14_0_x86_64.whl", hash = "sha256:2ae0ca40bcb22d6ba59c1dfd5446f49940b0f2d821fde133f10dda11f816b84e", size = 6664863, upload-time = "2026-07-04T17:06:20.02Z" },
    { url = "https://files.pythonhosted.org/packages/a9/4b/a2b32dd94ee9ffbeecb28152240042a3949db33b1c834d44090b80e1b3b8/numpy-2.5.1-cp312-cp312-manylinux_2_27_aarch64.manylinux_2_28_aarch64.whl", hash = "sha256:61ac47e772e6b8ea489e1d2f441a34c5c3ac17327e7ce294cbdf535795ad4e75", size = 15167977, upload-time = "2026-07-04T17:06:21.621Z" },
    { url = "https://files.pythonhosted.org/packages/b8/a9/6e73d68500f80773f65f0654ea932019d6694329a0eb0ed0533de38df376/numpy-2.5.1-cp312-cp312-manylinux_2_27_x86_64.manylinux_2_28_x86_64.whl", hash = "sha256:59fda5e192b570217ec2580c96f00e9a7e12ef6866a900eb089b62c1a32545ca", size = 16672469, upload-time = "2026-07-04T17:06:24.064Z" },
    { url = "https://files.pythonhosted.org/packages/24/7d/ad3e59015135f5261c95fd4cafeff159c955febd83a99a1d9250c4233815/numpy-2.5.1-cp312-cp312-musllinux_1_2_aarch64.whl", hash = "sha256:f7119ebff1a9829e9f431a4f9d28e703023bb6b9fe7c8f724467dbfc27c94ab3", size = 16527531, upload-time = "2026-07-04T17:06:26.69Z" },
    { url = "https://files.pythonhosted.org/packages/83/d0/a39b2fbcde9cb17a1dac678f254b33a6336298af9df338824c685425d5e8/numpy-2.5.1-cp312-cp312-musllinux_1_2_x86_64.whl", hash = "sha256:e824c2acf8862052246be5a44c15da1777940c60d010dd2aab897824d9c430f9", size = 18431940, upload-time = "2026-07-04T17:06:29.521Z" },
    { url = "https://files.pythonhosted.org/packages/04/12/cff070947791c1ed425ff76413189adbdc2fbe215eba7ce7fa454a03c7f8/numpy-2.5.1-cp312-cp312-win32.whl", hash = "sha256:08d60c810432eb83360958dea0999ac4cfb94531ea8efcbf0b7f277c2068aeb2", size = 6066764, upload-time = "2026-07-04T17:06:32.571Z" },
    { url = "https://files.pythonhosted.org/packages/65/66/53f31807a48a750f9d748da273bc3fcedd12b27ff1f3e373bfec55ef2dc0/numpy-2.5.1-cp312-cp312-win_amd64.whl", hash = "sha256:f7d60026c0bdb1380e83bfa7a0419c4577ee4b9a08880afcb6dadeb74c649fa2", size = 12430966, upload-time = "2026-07-04T17:06:34.926Z" },
    { url = "https://files.pythonhosted.org/packages/2b/2a/d1a88066b1c14186f5d3c0d18c94f17b064511982bab0578d49ee9d43c29/numpy-2.5.1-cp312-cp312-win_arm64.whl", hash = "sha256:17a25e09640602e10bc8de0e6fa2b3fd68eedd84ba6d7842dc8f32f9ab87bd0b", size = 10350488, upload-time = "2026-07-04T17:06:37.785Z" },
]

[[package]]
name = "sortedcontainers"
version = "2.4.0"
source = { registry = "https://pypi.org/simple" }
sdist = { url = "https://files.pythonhosted.org/packages/e8/c4/ba2f8066cceb6f23394729afe52f3bf7adec04bf9ed2c820b39e19299111/sortedcontainers-2.4.0.tar.gz", hash = "sha256:25caa5a06cc30b6b83d11423433f65d1f9d76c4c6a0c90e3379eaa43b9bfdb88", size = 30594, upload-time = "2021-05-16T22:03:42.897Z" }
wheels = [
    { url = "https://files.pythonhosted.org/packages/32/46/9cb0e58b2deb7f82b84065f37f3bffeb12413f947f9388e4cac22c4621ce/sortedcontainers-2.4.0-py2.py3-none-any.whl", hash = "sha256:a163dcaede0f1c021485e957a39245190e74249897e2ae4b2aa38595db237ee0", size = 29575, upload-time = "2021-05-16T22:03:41.177Z" },
]
